
Microsoft Visual Studio Solution File, Format Version 12.00
# Visual Studio Version 17
VisualStudioVersion = 17.14.37411.7
MinimumVisualStudioVersion = 10.0.40219.1
Project("{FAE04EC0-301F-11D3-BF4B-00C04F79EFBC}") = "MiniSupermarket.API", "MiniSupermarket.API\MiniSupermarket.API.csproj", "{58DA57C8-6C19-4E67-95B2-D6B363842F94}"
EndProject
Project("{FAE04EC0-301F-11D3-BF4B-00C04F79EFBC}") = "MiniSupermarket.WinForms", "MiniSupermarket.WinForms\MiniSupermarket.WinForms.csproj", "{ABEACA6E-FF03-4209-BBE7-D84F757D98DC}"
EndProject
Global
	GlobalSection(SolutionConfigurationPlatforms) = preSolution
		Debug|Any CPU = Debug|Any CPU
		Release|Any CPU = Release|Any CPU
	EndGlobalSection
	GlobalSection(ProjectConfigurationPlatforms) = postSolution
		{58DA57C8-6C19-4E67-95B2-D6B363842F94}.Debug|Any CPU.ActiveCfg = Debug|Any CPU
		{58DA57C8-6C19-4E67-95B2-D6B363842F94}.Debug|Any CPU.Build.0 = Debug|Any CPU
		{58DA57C8-6C19-4E67-95B2-D6B363842F94}.Release|Any CPU.ActiveCfg = Release|Any CPU
		{58DA57C8-6C19-4E67-95B2-D6B363842F94}.Release|Any CPU.Build.0 = Release|Any CPU
		{ABEACA6E-FF03-4209-BBE7-D84F757D98DC}.Debug|Any CPU.ActiveCfg = Debug|Any CPU
		{ABEACA6E-FF03-4209-BBE7-D84F757D98DC}.Debug|Any CPU.Build.0 = Debug|Any CPU
		{ABEACA6E-FF03-4209-BBE7-D84F757D98DC}.Release|Any CPU.ActiveCfg = Release|Any CPU
		{ABEACA6E-FF03-4209-BBE7-D84F757D98DC}.Release|Any CPU.Build.0 = Release|Any CPU
	EndGlobalSection
	GlobalSection(SolutionProperties) = preSolution
		HideSolutionNode = FALSE
	EndGlobalSection
	GlobalSection(ExtensibilityGlobals) = postSolution
		SolutionGuid = {600F73CF-F2A2-458F-B89C-D7404BE7B565}
	EndGlobalSection
EndGlobal
